
Microsoft Visual Studio Solution File, Format Version 12.00
# Visual Studio 15
VisualStudioVersion = 15.0.28307.902
MinimumVisualStudioVersion = 10.0.40219.1
Project("{FAE04EC0-301F-11D3-BF4B-00C04F79EFBC}") = "Serialization", "Serialization\Serialization.csproj", "{683BE6BE-8DFB-4130-B5F7-C54935B1F93E}"
EndProject
Global
	GlobalSection(SolutionConfigurationPlatforms) = preSolution
		Debug|Any CPU = Debug|Any CPU
		Release|Any CPU = Release|Any CPU
	EndGlobalSection
	GlobalSection(ProjectConfigurationPlatforms) = postSolution
		{683BE6BE-8DFB-4130-B5F7-C54935B1F93E}.Debug|Any CPU.ActiveCfg = Debug|Any CPU
		{683BE6BE-8DFB-4130-B5F7-C54935B1F93E}.Debug|Any CPU.Build.0 = Debug|Any CPU
		{683BE6BE-8DFB-4130-B5F7-C54935B1F93E}.Release|Any CPU.ActiveCfg = Release|Any CPU
		{683BE6BE-8DFB-4130-B5F7-C54935B1F93E}.Release|Any CPU.Build.0 = Release|Any CPU
	EndGlobalSection
	GlobalSection(SolutionProperties) = preSolution
		HideSolutionNode = FALSE
	EndGlobalSection
	GlobalSection(ExtensibilityGlobals) = postSolution
		SolutionGuid = {BEE11022-E97A-4BFF-9847-CDDFE7E7430E}
	EndGlobalSection
EndGlobal
